
Microsoft Visual Studio Solution File, Format Version 12.00
# Visual Studio 15
VisualStudioVersion = 15.0.28307.136
MinimumVisualStudioVersion = 10.0.40219.1
Project("{8BC9CEB8-8B4A-11D0-8D11-00A0C91BC942}") = "PercMain", "PercMain\PercMain.vcxproj", "{2B323989-6352-4D2A-8E07-8A502F8B1BB3}"
EndProject
Project("{8BC9CEB8-8B4A-11D0-8D11-00A0C91BC942}") = "PercTest", "PercTest\PercTest.vcxproj", "{4E6E9AE9-1EE6-4313-96DE-668D63E03A27}"
EndProject
Global
	GlobalSection(SolutionConfigurationPlatforms) = preSolution
		Debug|x64 = Debug|x64
		Debug|x86 = Debug|x86
		Release|x64 = Release|x64
		Release|x86 = Release|x86
	EndGlobalSection
	GlobalSection(ProjectConfigurationPlatforms) = postSolution
		{2B323989-6352-4D2A-8E07-8A502F8B1BB3}.Debug|x64.ActiveCfg = Debug|x64
		{2B323989-6352-4D2A-8E07-8A502F8B1BB3}.Debug|x64.Build.0 = Debug|x64
		{2B323989-6352-4D2A-8E07-8A502F8B1BB3}.Debug|x86.ActiveCfg = Debug|Win32
		{2B323989-6352-4D2A-8E07-8A502F8B1BB3}.Debug|x86.Build.0 = Debug|Win32
		{2B323989-6352-4D2A-8E07-8A502F8B1BB3}.Release|x64.ActiveCfg = Release|x64
		{2B323989-6352-4D2A-8E07-8A502F8B1BB3}.Release|x64.Build.0 = Release|x64
		{2B323989-6352-4D2A-8E07-8A502F8B1BB3}.Release|x86.ActiveCfg = Release|Win32
		{2B323989-6352-4D2A-8E07-8A502F8B1BB3}.Release|x86.Build.0 = Release|Win32
		{4E6E9AE9-1EE6-4313-96DE-668D63E03A27}.Debug|x64.ActiveCfg = Debug|x64
		{4E6E9AE9-1EE6-4313-96DE-668D63E03A27}.Debug|x64.Build.0 = Debug|x64
		{4E6E9AE9-1EE6-4313-96DE-668D63E03A27}.Debug|x86.ActiveCfg = Debug|Win32
		{4E6E9AE9-1EE6-4313-96DE-668D63E03A27}.Debug|x86.Build.0 = Debug|Win32
		{4E6E9AE9-1EE6-4313-96DE-668D63E03A27}.Release|x64.ActiveCfg = Release|x64
		{4E6E9AE9-1EE6-4313-96DE-668D63E03A27}.Release|x64.Build.0 = Release|x64
		{4E6E9AE9-1EE6-4313-96DE-668D63E03A27}.Release|x86.ActiveCfg = Release|Win32
		{4E6E9AE9-1EE6-4313-96DE-668D63E03A27}.Release|x86.Build.0 = Release|Win32
	EndGlobalSection
	GlobalSection(SolutionProperties) = preSolution
		HideSolutionNode = FALSE
	EndGlobalSection
	GlobalSection(ExtensibilityGlobals) = postSolution
		SolutionGuid = {C891A870-B74E-451B-B9AB-FA3DE67C3D43}
	EndGlobalSection
EndGlobal
